// !$*UTF8*$!
{
	archiveVersion = 1;
	classes = {
	};
	objectVersion = 46;
	objects = {

/* Begin PBXBuildFile section */
		15E9D6EB183C3F3D005648D7 /* Foundation.framework in Frameworks */ = {isa = PBXBuildFile; fileRef = 15E9D6EA183C3F3D005648D7 /* Foundation.framework */; };
		15E9D6F9183C3F3D005648D7 /* XCTest.framework in Frameworks */ = {isa = PBXBuildFile; fileRef = 15E9D6F8183C3F3D005648D7 /* XCTest.framework */; };
		15E9D6FA183C3F3D005648D7 /* Foundation.framework in Frameworks */ = {isa = PBXBuildFile; fileRef = 15E9D6EA183C3F3D005648D7 /* Foundation.framework */; };
		15E9D6FC183C3F3D005648D7 /* UIKit.framework in Frameworks */ = {isa = PBXBuildFile; fileRef = 15E9D6FB183C3F3D005648D7 /* UIKit.framework */; };
		15E9D6FF183C3F3D005648D7 /* libReactiveEntity.a in Frameworks */ = {isa = PBXBuildFile; fileRef = 15E9D6E7183C3F3D005648D7 /* libReactiveEntity.a */; };
		15E9D705183C3F3D005648D7 /* InfoPlist.strings in Resources */ = {isa = PBXBuildFile; fileRef = 15E9D703183C3F3D005648D7 /* InfoPlist.strings */; };
		15E9D707183C3F3D005648D7 /* ReactiveEntityTests.m in Sources */ = {isa = PBXBuildFile; fileRef = 15E9D706183C3F3D005648D7 /* ReactiveEntityTests.m */; };
		15E9D71D183C4165005648D7 /* User.m in Sources */ = {isa = PBXBuildFile; fileRef = 15E9D71B183C4165005648D7 /* User.m */; };
		15E9D720183C4191005648D7 /* REReactiveEntity.m in Sources */ = {isa = PBXBuildFile; fileRef = 15E9D71F183C4191005648D7 /* REReactiveEntity.m */; };
		15E9D721183C4191005648D7 /* REReactiveEntity.m in Sources */ = {isa = PBXBuildFile; fileRef = 15E9D71F183C4191005648D7 /* REReactiveEntity.m */; };
		15E9D724183C435D005648D7 /* REContext.m in Sources */ = {isa = PBXBuildFile; fileRef = 15E9D723183C435D005648D7 /* REContext.m */; };
		15E9D727183C4900005648D7 /* REEntityModel.m in Sources */ = {isa = PBXBuildFile; fileRef = 15E9D726183C4900005648D7 /* REEntityModel.m */; };
		15E9D72E183C691E005648D7 /* REDependence.m in Sources */ = {isa = PBXBuildFile; fileRef = 15E9D72D183C691E005648D7 /* REDependence.m */; };
		15E9D731183C845C005648D7 /* REKeyTranslator.m in Sources */ = {isa = PBXBuildFile; fileRef = 15E9D730183C845C005648D7 /* REKeyTranslator.m */; };
		15E9D732183C845C005648D7 /* REKeyTranslator.m in Sources */ = {isa = PBXBuildFile; fileRef = 15E9D730183C845C005648D7 /* REKeyTranslator.m */; };
		AE3D8B5518AB2D81007BC0EF /* REReactiveCollection.m in Sources */ = {isa = PBXBuildFile; fileRef = AE3D8B5418AB2D81007BC0EF /* REReactiveCollection.m */; };
		AE3D8B5818AB560B007BC0EF /* REReactiveObject.m in Sources */ = {isa = PBXBuildFile; fileRef = AE3D8B5718AB560B007BC0EF /* REReactiveObject.m */; };
		AE3D8B5B18ABD987007BC0EF /* REReactiveCollectionAssociation.m in Sources */ = {isa = PBXBuildFile; fileRef = AE3D8B5A18ABD987007BC0EF /* REReactiveCollectionAssociation.m */; };
		AE3D8B5E18ABEFA4007BC0EF /* REAssociatedCollection.m in Sources */ = {isa = PBXBuildFile; fileRef = AE3D8B5D18ABEFA4007BC0EF /* REAssociatedCollection.m */; };
		AE4E073C18B172F300C4FCE1 /* Image.m in Sources */ = {isa = PBXBuildFile; fileRef = AE4E073B18B172F300C4FCE1 /* Image.m */; };
		AE65FC1018479BD90035E2AE /* Article.m in Sources */ = {isa = PBXBuildFile; fileRef = AE65FC0C18479BD90035E2AE /* Article.m */; };
		AE65FC1218479BD90035E2AE /* Tag.m in Sources */ = {isa = PBXBuildFile; fileRef = AE65FC0E18479BD90035E2AE /* Tag.m */; };
		AE65FC1518479BF70035E2AE /* REAssociationMapper.m in Sources */ = {isa = PBXBuildFile; fileRef = AE65FC1418479BF70035E2AE /* REAssociationMapper.m */; };
		AE65FC1618479BF70035E2AE /* REAssociationMapper.m in Sources */ = {isa = PBXBuildFile; fileRef = AE65FC1418479BF70035E2AE /* REAssociationMapper.m */; };
/* End PBXBuildFile section */

/* Begin PBXContainerItemProxy section */
		15E9D6FD183C3F3D005648D7 /* PBXContainerItemProxy */ = {
			isa = PBXContainerItemProxy;
			containerPortal = 15E9D6DF183C3F3D005648D7 /* Project object */;
			proxyType = 1;
			remoteGlobalIDString = 15E9D6E6183C3F3D005648D7;
			remoteInfo = ReactiveEntity;
		};
/* End PBXContainerItemProxy section */

/* Begin PBXCopyFilesBuildPhase section */
		15E9D6E5183C3F3D005648D7 /* CopyFiles */ = {
			isa = PBXCopyFilesBuildPhase;
			buildActionMask = 2147483647;
			dstPath = "include/$(PRODUCT_NAME)";
			dstSubfolderSpec = 16;
			files = (
			);
			runOnlyForDeploymentPostprocessing = 0;
		};
/* End PBXCopyFilesBuildPhase section */

/* Begin PBXFileReference section */
		15E9D6E7183C3F3D005648D7 /* libReactiveEntity.a */ = {isa = PBXFileReference; explicitFileType = archive.ar; includeInIndex = 0; path = libReactiveEntity.a; sourceTree = BUILT_PRODUCTS_DIR; };
		15E9D6EA183C3F3D005648D7 /* Foundation.framework */ = {isa = PBXFileReference; lastKnownFileType = wrapper.framework; name = Foundation.framework; path = System/Library/Frameworks/Foundation.framework; sourceTree = SDKROOT; };
		15E9D6EE183C3F3D005648D7 /* ReactiveEntity-Prefix.pch */ = {isa = PBXFileReference; lastKnownFileType = sourcecode.c.h; path = "ReactiveEntity-Prefix.pch"; sourceTree = "<group>"; };
		15E9D6F7183C3F3D005648D7 /* ReactiveEntityTests.xctest */ = {isa = PBXFileReference; explicitFileType = wrapper.cfbundle; includeInIndex = 0; path = ReactiveEntityTests.xctest; sourceTree = BUILT_PRODUCTS_DIR; };
		15E9D6F8183C3F3D005648D7 /* XCTest.framework */ = {isa = PBXFileReference; lastKnownFileType = wrapper.framework; name = XCTest.framework; path = Library/Frameworks/XCTest.framework; sourceTree = DEVELOPER_DIR; };
		15E9D6FB183C3F3D005648D7 /* UIKit.framework */ = {isa = PBXFileReference; lastKnownFileType = wrapper.framework; name = UIKit.framework; path = Library/Frameworks/UIKit.framework; sourceTree = DEVELOPER_DIR; };
		15E9D702183C3F3D005648D7 /* ReactiveEntityTests-Info.plist */ = {isa = PBXFileReference; lastKnownFileType = text.plist.xml; path = "ReactiveEntityTests-Info.plist"; sourceTree = "<group>"; };
		15E9D704183C3F3D005648D7 /* en */ = {isa = PBXFileReference; lastKnownFileType = text.plist.strings; name = en; path = en.lproj/InfoPlist.strings; sourceTree = "<group>"; };
		15E9D706183C3F3D005648D7 /* ReactiveEntityTests.m */ = {isa = PBXFileReference; lastKnownFileType = sourcecode.c.objc; path = ReactiveEntityTests.m; sourceTree = "<group>"; };
		15E9D711183C3FF2005648D7 /* ReactiveEntity.h */ = {isa = PBXFileReference; fileEncoding = 4; lastKnownFileType = sourcecode.c.h; path = ReactiveEntity.h; sourceTree = "<group>"; };
		15E9D71A183C4165005648D7 /* User.h */ = {isa = PBXFileReference; fileEncoding = 4; lastKnownFileType = sourcecode.c.h; path = User.h; sourceTree = "<group>"; };
		15E9D71B183C4165005648D7 /* User.m */ = {isa = PBXFileReference; fileEncoding = 4; lastKnownFileType = sourcecode.c.objc; path = User.m; sourceTree = "<group>"; };
		15E9D71E183C4191005648D7 /* REReactiveEntity.h */ = {isa = PBXFileReference; fileEncoding = 4; lastKnownFileType = sourcecode.c.h; path = REReactiveEntity.h; sourceTree = "<group>"; };
		15E9D71F183C4191005648D7 /* REReactiveEntity.m */ = {isa = PBXFileReference; fileEncoding = 4; lastKnownFileType = sourcecode.c.objc; path = REReactiveEntity.m; sourceTree = "<group>"; };
		15E9D722183C435D005648D7 /* REContext.h */ = {isa = PBXFileReference; fileEncoding = 4; lastKnownFileType = sourcecode.c.h; path = REContext.h; sourceTree = "<group>"; };
		15E9D723183C435D005648D7 /* REContext.m */ = {isa = PBXFileReference; fileEncoding = 4; lastKnownFileType = sourcecode.c.objc; path = REContext.m; sourceTree = "<group>"; };
		15E9D725183C4900005648D7 /* REEntityModel.h */ = {isa = PBXFileReference; fileEncoding = 4; lastKnownFileType = sourcecode.c.h; path = REEntityModel.h; sourceTree = "<group>"; };
		15E9D726183C4900005648D7 /* REEntityModel.m */ = {isa = PBXFileReference; fileEncoding = 4; lastKnownFileType = sourcecode.c.objc; path = REEntityModel.m; sourceTree = "<group>"; };
		15E9D72C183C691E005648D7 /* REDependence.h */ = {isa = PBXFileReference; fileEncoding = 4; lastKnownFileType = sourcecode.c.h; path = REDependence.h; sourceTree = "<group>"; };
		15E9D72D183C691E005648D7 /* REDependence.m */ = {isa = PBXFileReference; fileEncoding = 4; lastKnownFileType = sourcecode.c.objc; path = REDependence.m; sourceTree = "<group>"; };
		15E9D72F183C845C005648D7 /* REKeyTranslator.h */ = {isa = PBXFileReference; fileEncoding = 4; lastKnownFileType = sourcecode.c.h; path = REKeyTranslator.h; sourceTree = "<group>"; };
		15E9D730183C845C005648D7 /* REKeyTranslator.m */ = {isa = PBXFileReference; fileEncoding = 4; lastKnownFileType = sourcecode.c.objc; path = REKeyTranslator.m; sourceTree = "<group>"; };
		AE3D8B5318AB2D81007BC0EF /* REReactiveCollection.h */ = {isa = PBXFileReference; fileEncoding = 4; lastKnownFileType = sourcecode.c.h; path = REReactiveCollection.h; sourceTree = "<group>"; };
		AE3D8B5418AB2D81007BC0EF /* REReactiveCollection.m */ = {isa = PBXFileReference; fileEncoding = 4; lastKnownFileType = sourcecode.c.objc; path = REReactiveCollection.m; sourceTree = "<group>"; };
		AE3D8B5618AB560B007BC0EF /* REReactiveObject.h */ = {isa = PBXFileReference; fileEncoding = 4; lastKnownFileType = sourcecode.c.h; path = REReactiveObject.h; sourceTree = "<group>"; };
		AE3D8B5718AB560B007BC0EF /* REReactiveObject.m */ = {isa = PBXFileReference; fileEncoding = 4; lastKnownFileType = sourcecode.c.objc; path = REReactiveObject.m; sourceTree = "<group>"; };
		AE3D8B5918ABD987007BC0EF /* REReactiveCollectionAssociation.h */ = {isa = PBXFileReference; fileEncoding = 4; lastKnownFileType = sourcecode.c.h; path = REReactiveCollectionAssociation.h; sourceTree = "<group>"; };
		AE3D8B5A18ABD987007BC0EF /* REReactiveCollectionAssociation.m */ = {isa = PBXFileReference; fileEncoding = 4; lastKnownFileType = sourcecode.c.objc; path = REReactiveCollectionAssociation.m; sourceTree = "<group>"; };
		AE3D8B5C18ABEFA4007BC0EF /* REAssociatedCollection.h */ = {isa = PBXFileReference; fileEncoding = 4; lastKnownFileType = sourcecode.c.h; path = REAssociatedCollection.h; sourceTree = "<group>"; };
		AE3D8B5D18ABEFA4007BC0EF /* REAssociatedCollection.m */ = {isa = PBXFileReference; fileEncoding = 4; lastKnownFileType = sourcecode.c.objc; path = REAssociatedCollection.m; sourceTree = "<group>"; };
		AE4E073A18B172F300C4FCE1 /* Image.h */ = {isa = PBXFileReference; fileEncoding = 4; lastKnownFileType = sourcecode.c.h; path = Image.h; sourceTree = "<group>"; };
		AE4E073B18B172F300C4FCE1 /* Image.m */ = {isa = PBXFileReference; fileEncoding = 4; lastKnownFileType = sourcecode.c.objc; path = Image.m; sourceTree = "<group>"; };
		AE65FC0B18479BD90035E2AE /* Article.h */ = {isa = PBXFileReference; fileEncoding = 4; lastKnownFileType = sourcecode.c.h; path = Article.h; sourceTree = "<group>"; };
		AE65FC0C18479BD90035E2AE /* Article.m */ = {isa = PBXFileReference; fileEncoding = 4; lastKnownFileType = sourcecode.c.objc; path = Article.m; sourceTree = "<group>"; };
		AE65FC0D18479BD90035E2AE /* Tag.h */ = {isa = PBXFileReference; fileEncoding = 4; lastKnownFileType = sourcecode.c.h; path = Tag.h; sourceTree = "<group>"; };
		AE65FC0E18479BD90035E2AE /* Tag.m */ = {isa = PBXFileReference; fileEncoding = 4; lastKnownFileType = sourcecode.c.objc; path = Tag.m; sourceTree = "<group>"; };
		AE65FC1318479BF70035E2AE /* REAssociationMapper.h */ = {isa = PBXFileReference; fileEncoding = 4; lastKnownFileType = sourcecode.c.h; path = REAssociationMapper.h; sourceTree = "<group>"; };
		AE65FC1418479BF70035E2AE /* REAssociationMapper.m */ = {isa = PBXFileReference; fileEncoding = 4; lastKnownFileType = sourcecode.c.objc; path = REAssociationMapper.m; sourceTree = "<group>"; };
/* End PBXFileReference section */

/* Begin PBXFrameworksBuildPhase section */
		15E9D6E4183C3F3D005648D7 /* Frameworks */ = {
			isa = PBXFrameworksBuildPhase;
			buildActionMask = 2147483647;
			files = (
				15E9D6EB183C3F3D005648D7 /* Foundation.framework in Frameworks */,
			);
			runOnlyForDeploymentPostprocessing = 0;
		};
		15E9D6F4183C3F3D005648D7 /* Frameworks */ = {
			isa = PBXFrameworksBuildPhase;
			buildActionMask = 2147483647;
			files = (
				15E9D6F9183C3F3D005648D7 /* XCTest.framework in Frameworks */,
				15E9D6FF183C3F3D005648D7 /* libReactiveEntity.a in Frameworks */,
				15E9D6FC183C3F3D005648D7 /* UIKit.framework in Frameworks */,
				15E9D6FA183C3F3D005648D7 /* Foundation.framework in Frameworks */,
			);
			runOnlyForDeploymentPostprocessing = 0;
		};
/* End PBXFrameworksBuildPhase section */

/* Begin PBXGroup section */
		15E9D6DE183C3F3D005648D7 = {
			isa = PBXGroup;
			children = (
				15E9D710183C3FA7005648D7 /* Classes */,
				15E9D6ED183C3F3D005648D7 /* Supporting Files */,
				15E9D700183C3F3D005648D7 /* ReactiveEntityTests */,
				15E9D6E9183C3F3D005648D7 /* Frameworks */,
				15E9D6E8183C3F3D005648D7 /* Products */,
			);
			sourceTree = "<group>";
		};
		15E9D6E8183C3F3D005648D7 /* Products */ = {
			isa = PBXGroup;
			children = (
				15E9D6E7183C3F3D005648D7 /* libReactiveEntity.a */,
				15E9D6F7183C3F3D005648D7 /* ReactiveEntityTests.xctest */,
			);
			name = Products;
			sourceTree = "<group>";
		};
		15E9D6E9183C3F3D005648D7 /* Frameworks */ = {
			isa = PBXGroup;
			children = (
				15E9D6EA183C3F3D005648D7 /* Foundation.framework */,
				15E9D6F8183C3F3D005648D7 /* XCTest.framework */,
				15E9D6FB183C3F3D005648D7 /* UIKit.framework */,
			);
			name = Frameworks;
			sourceTree = "<group>";
		};
		15E9D6ED183C3F3D005648D7 /* Supporting Files */ = {
			isa = PBXGroup;
			children = (
				15E9D6EE183C3F3D005648D7 /* ReactiveEntity-Prefix.pch */,
			);
			path = "Supporting Files";
			sourceTree = "<group>";
		};
		15E9D700183C3F3D005648D7 /* ReactiveEntityTests */ = {
			isa = PBXGroup;
			children = (
				15E9D706183C3F3D005648D7 /* ReactiveEntityTests.m */,
				15E9D715183C3FFE005648D7 /* Test Classes */,
				15E9D701183C3F3D005648D7 /* Supporting Files */,
			);
			name = ReactiveEntityTests;
			path = Tests;
			sourceTree = "<group>";
		};
		15E9D701183C3F3D005648D7 /* Supporting Files */ = {
			isa = PBXGroup;
			children = (
				15E9D702183C3F3D005648D7 /* ReactiveEntityTests-Info.plist */,
				15E9D703183C3F3D005648D7 /* InfoPlist.strings */,
			);
			name = "Supporting Files";
			sourceTree = "<group>";
		};
		15E9D710183C3FA7005648D7 /* Classes */ = {
			isa = PBXGroup;
			children = (
				15E9D711183C3FF2005648D7 /* ReactiveEntity.h */,
				AE3D8B5618AB560B007BC0EF /* REReactiveObject.h */,
				AE3D8B5718AB560B007BC0EF /* REReactiveObject.m */,
				15E9D71E183C4191005648D7 /* REReactiveEntity.h */,
				15E9D71F183C4191005648D7 /* REReactiveEntity.m */,
				AE3D8B5318AB2D81007BC0EF /* REReactiveCollection.h */,
				AE3D8B5418AB2D81007BC0EF /* REReactiveCollection.m */,
				AE3D8B5C18ABEFA4007BC0EF /* REAssociatedCollection.h */,
				AE3D8B5D18ABEFA4007BC0EF /* REAssociatedCollection.m */,
				AE3D8B5918ABD987007BC0EF /* REReactiveCollectionAssociation.h */,
				AE3D8B5A18ABD987007BC0EF /* REReactiveCollectionAssociation.m */,
				15E9D72C183C691E005648D7 /* REDependence.h */,
				15E9D72D183C691E005648D7 /* REDependence.m */,
				15E9D72F183C845C005648D7 /* REKeyTranslator.h */,
				15E9D730183C845C005648D7 /* REKeyTranslator.m */,
				AE65FC1318479BF70035E2AE /* REAssociationMapper.h */,
				AE65FC1418479BF70035E2AE /* REAssociationMapper.m */,
				15E9D725183C4900005648D7 /* REEntityModel.h */,
				15E9D726183C4900005648D7 /* REEntityModel.m */,
				15E9D722183C435D005648D7 /* REContext.h */,
				15E9D723183C435D005648D7 /* REContext.m */,
			);
			path = Classes;
			sourceTree = "<group>";
		};
		15E9D715183C3FFE005648D7 /* Test Classes */ = {
			isa = PBXGroup;
			children = (
				15E9D71A183C4165005648D7 /* User.h */,
				15E9D71B183C4165005648D7 /* User.m */,
				AE4E073A18B172F300C4FCE1 /* Image.h */,
				AE4E073B18B172F300C4FCE1 /* Image.m */,
				AE65FC0B18479BD90035E2AE /* Article.h */,
				AE65FC0C18479BD90035E2AE /* Article.m */,
				AE65FC0D18479BD90035E2AE /* Tag.h */,
				AE65FC0E18479BD90035E2AE /* Tag.m */,
			);
			name = "Test Classes";
			sourceTree = "<group>";
		};
/* End PBXGroup section */

/* Begin PBXNativeTarget section */
		15E9D6E6183C3F3D005648D7 /* ReactiveEntity */ = {
			isa = PBXNativeTarget;
			buildConfigurationList = 15E9D70A183C3F3D005648D7 /* Build configuration list for PBXNativeTarget "ReactiveEntity" */;
			buildPhases = (
				15E9D6E3183C3F3D005648D7 /* Sources */,
				15E9D6E4183C3F3D005648D7 /* Frameworks */,
				15E9D6E5183C3F3D005648D7 /* CopyFiles */,
			);
			buildRules = (
			);
			dependencies = (
			);
			name = ReactiveEntity;
			productName = ReactiveEntity;
			productReference = 15E9D6E7183C3F3D005648D7 /* libReactiveEntity.a */;
			productType = "com.apple.product-type.library.static";
		};
		15E9D6F6183C3F3D005648D7 /* ReactiveEntityTests */ = {
			isa = PBXNativeTarget;
			buildConfigurationList = 15E9D70D183C3F3D005648D7 /* Build configuration list for PBXNativeTarget "ReactiveEntityTests" */;
			buildPhases = (
				15E9D6F3183C3F3D005648D7 /* Sources */,
				15E9D6F4183C3F3D005648D7 /* Frameworks */,
				15E9D6F5183C3F3D005648D7 /* Resources */,
			);
			buildRules = (
			);
			dependencies = (
				15E9D6FE183C3F3D005648D7 /* PBXTargetDependency */,
			);
			name = ReactiveEntityTests;
			productName = ReactiveEntityTests;
			productReference = 15E9D6F7183C3F3D005648D7 /* ReactiveEntityTests.xctest */;
			productType = "com.apple.product-type.bundle.unit-test";
		};
/* End PBXNativeTarget section */

/* Begin PBXProject section */
		15E9D6DF183C3F3D005648D7 /* Project object */ = {
			isa = PBXProject;
			attributes = {
				LastUpgradeCheck = 0500;
				ORGANIZATIONNAME = "Limbate Inc.";
			};
			buildConfigurationList = 15E9D6E2183C3F3D005648D7 /* Build configuration list for PBXProject "ReactiveEntity" */;
			compatibilityVersion = "Xcode 3.2";
			developmentRegion = English;
			hasScannedForEncodings = 0;
			knownRegions = (
				en,
			);
			mainGroup = 15E9D6DE183C3F3D005648D7;
			productRefGroup = 15E9D6E8183C3F3D005648D7 /* Products */;
			projectDirPath = "";
			projectRoot = "";
			targets = (
				15E9D6E6183C3F3D005648D7 /* ReactiveEntity */,
				15E9D6F6183C3F3D005648D7 /* ReactiveEntityTests */,
			);
		};
/* End PBXProject section */

/* Begin PBXResourcesBuildPhase section */
		15E9D6F5183C3F3D005648D7 /* Resources */ = {
			isa = PBXResourcesBuildPhase;
			buildActionMask = 2147483647;
			files = (
				15E9D705183C3F3D005648D7 /* InfoPlist.strings in Resources */,
			);
			runOnlyForDeploymentPostprocessing = 0;
		};
/* End PBXResourcesBuildPhase section */

/* Begin PBXSourcesBuildPhase section */
		15E9D6E3183C3F3D005648D7 /* Sources */ = {
			isa = PBXSourcesBuildPhase;
			buildActionMask = 2147483647;
			files = (
				15E9D731183C845C005648D7 /* REKeyTranslator.m in Sources */,
				15E9D724183C435D005648D7 /* REContext.m in Sources */,
				AE3D8B5B18ABD987007BC0EF /* REReactiveCollectionAssociation.m in Sources */,
				15E9D727183C4900005648D7 /* REEntityModel.m in Sources */,
				15E9D72E183C691E005648D7 /* REDependence.m in Sources */,
				15E9D720183C4191005648D7 /* REReactiveEntity.m in Sources */,
				AE3D8B5518AB2D81007BC0EF /* REReactiveCollection.m in Sources */,
				AE3D8B5818AB560B007BC0EF /* REReactiveObject.m in Sources */,
				AE3D8B5E18ABEFA4007BC0EF /* REAssociatedCollection.m in Sources */,
				AE65FC1518479BF70035E2AE /* REAssociationMapper.m in Sources */,
			);
			runOnlyForDeploymentPostprocessing = 0;
		};
		15E9D6F3183C3F3D005648D7 /* Sources */ = {
			isa = PBXSourcesBuildPhase;
			buildActionMask = 2147483647;
			files = (
				AE65FC1218479BD90035E2AE /* Tag.m in Sources */,
				AE65FC1618479BF70035E2AE /* REAssociationMapper.m in Sources */,
				AE65FC1018479BD90035E2AE /* Article.m in Sources */,
				15E9D732183C845C005648D7 /* REKeyTranslator.m in Sources */,
				15E9D707183C3F3D005648D7 /* ReactiveEntityTests.m in Sources */,
				AE4E073C18B172F300C4FCE1 /* Image.m in Sources */,
				15E9D721183C4191005648D7 /* REReactiveEntity.m in Sources */,
				15E9D71D183C4165005648D7 /* User.m in Sources */,
			);
			runOnlyForDeploymentPostprocessing = 0;
		};
/* End PBXSourcesBuildPhase section */

/* Begin PBXTargetDependency section */
		15E9D6FE183C3F3D005648D7 /* PBXTargetDependency */ = {
			isa = PBXTargetDependency;
			target = 15E9D6E6183C3F3D005648D7 /* ReactiveEntity */;
			targetProxy = 15E9D6FD183C3F3D005648D7 /* PBXContainerItemProxy */;
		};
/* End PBXTargetDependency section */

/* Begin PBXVariantGroup section */
		15E9D703183C3F3D005648D7 /* InfoPlist.strings */ = {
			isa = PBXVariantGroup;
			children = (
				15E9D704183C3F3D005648D7 /* en */,
			);
			name = InfoPlist.strings;
			sourceTree = "<group>";
		};
/* End PBXVariantGroup section */

/* Begin XCBuildConfiguration section */
		15E9D708183C3F3D005648D7 /* Debug */ = {
			isa = XCBuildConfiguration;
			buildSettings = {
				ALWAYS_SEARCH_USER_PATHS = NO;
				ARCHS = "$(ARCHS_STANDARD_INCLUDING_64_BIT)";
				CLANG_CXX_LANGUAGE_STANDARD = "gnu++0x";
				CLANG_CXX_LIBRARY = "libc++";
				CLANG_ENABLE_MODULES = YES;
				CLANG_ENABLE_OBJC_ARC = YES;
				CLANG_WARN_BOOL_CONVERSION = YES;
				CLANG_WARN_CONSTANT_CONVERSION = YES;
				CLANG_WARN_DIRECT_OBJC_ISA_USAGE = YES_ERROR;
				CLANG_WARN_EMPTY_BODY = YES;
				CLANG_WARN_ENUM_CONVERSION = YES;
				CLANG_WARN_INT_CONVERSION = YES;
				CLANG_WARN_OBJC_ROOT_CLASS = YES_ERROR;
				CLANG_WARN__DUPLICATE_METHOD_MATCH = YES;
				COPY_PHASE_STRIP = NO;
				GCC_C_LANGUAGE_STANDARD = gnu99;
				GCC_DYNAMIC_NO_PIC = NO;
				GCC_OPTIMIZATION_LEVEL = 0;
				GCC_PREPROCESSOR_DEFINITIONS = (
					"DEBUG=1",
					"$(inherited)",
				);
				GCC_SYMBOLS_PRIVATE_EXTERN = NO;
				GCC_WARN_64_TO_32_BIT_CONVERSION = YES;
				GCC_WARN_ABOUT_RETURN_TYPE = YES_ERROR;
				GCC_WARN_UNDECLARED_SELECTOR = YES;
				GCC_WARN_UNINITIALIZED_AUTOS = YES;
				GCC_WARN_UNUSED_FUNCTION = YES;
				GCC_WARN_UNUSED_VARIABLE = YES;
				IPHONEOS_DEPLOYMENT_TARGET = 7.0;
				ONLY_ACTIVE_ARCH = YES;
				SDKROOT = iphoneos;
			};
			name = Debug;
		};
		15E9D709183C3F3D005648D7 /* Release */ = {
			isa = XCBuildConfiguration;
			buildSettings = {
				ALWAYS_SEARCH_USER_PATHS = NO;
				ARCHS = "$(ARCHS_STANDARD_INCLUDING_64_BIT)";
				CLANG_CXX_LANGUAGE_STANDARD = "gnu++0x";
				CLANG_CXX_LIBRARY = "libc++";
				CLANG_ENABLE_MODULES = YES;
				CLANG_ENABLE_OBJC_ARC = YES;
				CLANG_WARN_BOOL_CONVERSION = YES;
				CLANG_WARN_CONSTANT_CONVERSION = YES;
				CLANG_WARN_DIRECT_OBJC_ISA_USAGE = YES_ERROR;
				CLANG_WARN_EMPTY_BODY = YES;
				CLANG_WARN_ENUM_CONVERSION = YES;
				CLANG_WARN_INT_CONVERSION = YES;
				CLANG_WARN_OBJC_ROOT_CLASS = YES_ERROR;
				CLANG_WARN__DUPLICATE_METHOD_MATCH = YES;
				COPY_PHASE_STRIP = YES;
				ENABLE_NS_ASSERTIONS = NO;
				GCC_C_LANGUAGE_STANDARD = gnu99;
				GCC_WARN_64_TO_32_BIT_CONVERSION = YES;
				GCC_WARN_ABOUT_RETURN_TYPE = YES_ERROR;
				GCC_WARN_UNDECLARED_SELECTOR = YES;
				GCC_WARN_UNINITIALIZED_AUTOS = YES;
				GCC_WARN_UNUSED_FUNCTION = YES;
				GCC_WARN_UNUSED_VARIABLE = YES;
				IPHONEOS_DEPLOYMENT_TARGET = 7.0;
				SDKROOT = iphoneos;
				VALIDATE_PRODUCT = YES;
			};
			name = Release;
		};
		15E9D70B183C3F3D005648D7 /* Debug */ = {
			isa = XCBuildConfiguration;
			buildSettings = {
				DSTROOT = /tmp/ReactiveEntity.dst;
				GCC_PRECOMPILE_PREFIX_HEADER = YES;
				GCC_PREFIX_HEADER = "Supporting Files/ReactiveEntity-Prefix.pch";
				OTHER_LDFLAGS = "-ObjC";
				PRODUCT_NAME = "$(TARGET_NAME)";
				SKIP_INSTALL = YES;
			};
			name = Debug;
		};
		15E9D70C183C3F3D005648D7 /* Release */ = {
			isa = XCBuildConfiguration;
			buildSettings = {
				DSTROOT = /tmp/ReactiveEntity.dst;
				GCC_PRECOMPILE_PREFIX_HEADER = YES;
				GCC_PREFIX_HEADER = "Supporting Files/ReactiveEntity-Prefix.pch";
				OTHER_LDFLAGS = "-ObjC";
				PRODUCT_NAME = "$(TARGET_NAME)";
				SKIP_INSTALL = YES;
			};
			name = Release;
		};
		15E9D70E183C3F3D005648D7 /* Debug */ = {
			isa = XCBuildConfiguration;
			buildSettings = {
				ARCHS = "$(ARCHS_STANDARD_INCLUDING_64_BIT)";
				FRAMEWORK_SEARCH_PATHS = (
					"$(SDKROOT)/Developer/Library/Frameworks",
					"$(inherited)",
					"$(DEVELOPER_FRAMEWORKS_DIR)",
				);
				GCC_PRECOMPILE_PREFIX_HEADER = YES;
				GCC_PREFIX_HEADER = "Supporting Files/ReactiveEntity-Prefix.pch";
				GCC_PREPROCESSOR_DEFINITIONS = (
					"DEBUG=1",
					"$(inherited)",
				);
				INFOPLIST_FILE = "Tests/ReactiveEntityTests-Info.plist";
				PRODUCT_NAME = "$(TARGET_NAME)";
				WRAPPER_EXTENSION = xctest;
			};
			name = Debug;
		};
		15E9D70F183C3F3D005648D7 /* Release */ = {
			isa = XCBuildConfiguration;
			buildSettings = {
				ARCHS = "$(ARCHS_STANDARD_INCLUDING_64_BIT)";
				FRAMEWORK_SEARCH_PATHS = (
					"$(SDKROOT)/Developer/Library/Frameworks",
					"$(inherited)",
					"$(DEVELOPER_FRAMEWORKS_DIR)",
				);
				GCC_PRECOMPILE_PREFIX_HEADER = YES;
				GCC_PREFIX_HEADER = "Supporting Files/ReactiveEntity-Prefix.pch";
				INFOPLIST_FILE = "Tests/ReactiveEntityTests-Info.plist";
				PRODUCT_NAME = "$(TARGET_NAME)";
				WRAPPER_EXTENSION = xctest;
			};
			name = Release;
		};
/* End XCBuildConfiguration section */

/* Begin XCConfigurationList section */
		15E9D6E2183C3F3D005648D7 /* Build configuration list for PBXProject "ReactiveEntity" */ = {
			isa = XCConfigurationList;
			buildConfigurations = (
				15E9D708183C3F3D005648D7 /* Debug */,
				15E9D709183C3F3D005648D7 /* Release */,
			);
			defaultConfigurationIsVisible = 0;
			defaultConfigurationName = Release;
		};
		15E9D70A183C3F3D005648D7 /* Build configuration list for PBXNativeTarget "ReactiveEntity" */ = {
			isa = XCConfigurationList;
			buildConfigurations = (
				15E9D70B183C3F3D005648D7 /* Debug */,
				15E9D70C183C3F3D005648D7 /* Release */,
			);
			defaultConfigurationIsVisible = 0;
			defaultConfigurationName = Release;
		};
		15E9D70D183C3F3D005648D7 /* Build configuration list for PBXNativeTarget "ReactiveEntityTests" */ = {
			isa = XCConfigurationList;
			buildConfigurations = (
				15E9D70E183C3F3D005648D7 /* Debug */,
				15E9D70F183C3F3D005648D7 /* Release */,
			);
			defaultConfigurationIsVisible = 0;
			defaultConfigurationName = Release;
		};
/* End XCConfigurationList section */
	};
	rootObject = 15E9D6DF183C3F3D005648D7 /* Project object */;
}
